
Microsoft Visual Studio Solution File, Format Version 12.00
# Visual Studio 15
VisualStudioVersion = 15.0.26014.0
MinimumVisualStudioVersion = 10.0.40219.1
Project("{2150E333-8FDC-42A3-9474-1A3956D46DE8}") = "Source", "Source", "{96231AA4-5BA3-4956-AA96-D838E3FDDC7D}"
EndProject
Project("{FAE04EC0-301F-11D3-BF4B-00C04F79EFBC}") = "BracketBot", "Source\BracketBot\BracketBot.csproj", "{C7FFDDC9-393A-4213-8FCF-26D08FC3FF45}"
	ProjectSection(ProjectDependencies) = postProject
		{092EAD98-F052-4F72-8C29-8ED93A5936AF} = {092EAD98-F052-4F72-8C29-8ED93A5936AF}
	EndProjectSection
EndProject
Project("{2150E333-8FDC-42A3-9474-1A3956D46DE8}") = "Libraries", "Libraries", "{05B1CE0E-CA6B-4CA7-8B56-E06A1F84D7F4}"
EndProject
Project("{2150E333-8FDC-42A3-9474-1A3956D46DE8}") = "open-steamworks", "open-steamworks", "{D2FEDF9A-5510-4F9A-BCBE-0216762A45AD}"
EndProject
Project("{FAE04EC0-301F-11D3-BF4B-00C04F79EFBC}") = "Steam4NET", "Libraries\open-steamworks\Steam4NET\Steam4NET.csproj", "{092EAD98-F052-4F72-8C29-8ED93A5936AF}"
EndProject
Global
	GlobalSection(SolutionConfigurationPlatforms) = preSolution
		Debug|Any CPU = Debug|Any CPU
		Debug|x64 = Debug|x64
		Debug|x86 = Debug|x86
		Release|Any CPU = Release|Any CPU
		Release|x64 = Release|x64
		Release|x86 = Release|x86
	EndGlobalSection
	GlobalSection(ProjectConfigurationPlatforms) = postSolution
		{C7FFDDC9-393A-4213-8FCF-26D08FC3FF45}.Debug|Any CPU.ActiveCfg = Debug|Any CPU
		{C7FFDDC9-393A-4213-8FCF-26D08FC3FF45}.Debug|Any CPU.Build.0 = Debug|Any CPU
		{C7FFDDC9-393A-4213-8FCF-26D08FC3FF45}.Debug|x64.ActiveCfg = Debug|x64
		{C7FFDDC9-393A-4213-8FCF-26D08FC3FF45}.Debug|x64.Build.0 = Debug|x64
		{C7FFDDC9-393A-4213-8FCF-26D08FC3FF45}.Debug|x86.ActiveCfg = Debug|x86
		{C7FFDDC9-393A-4213-8FCF-26D08FC3FF45}.Debug|x86.Build.0 = Debug|x86
		{C7FFDDC9-393A-4213-8FCF-26D08FC3FF45}.Release|Any CPU.ActiveCfg = Release|Any CPU
		{C7FFDDC9-393A-4213-8FCF-26D08FC3FF45}.Release|Any CPU.Build.0 = Release|Any CPU
		{C7FFDDC9-393A-4213-8FCF-26D08FC3FF45}.Release|x64.ActiveCfg = Release|x64
		{C7FFDDC9-393A-4213-8FCF-26D08FC3FF45}.Release|x64.Build.0 = Release|x64
		{C7FFDDC9-393A-4213-8FCF-26D08FC3FF45}.Release|x86.ActiveCfg = Release|x86
		{C7FFDDC9-393A-4213-8FCF-26D08FC3FF45}.Release|x86.Build.0 = Release|x86
		{092EAD98-F052-4F72-8C29-8ED93A5936AF}.Debug|Any CPU.ActiveCfg = Debug|Any CPU
		{092EAD98-F052-4F72-8C29-8ED93A5936AF}.Debug|Any CPU.Build.0 = Debug|Any CPU
		{092EAD98-F052-4F72-8C29-8ED93A5936AF}.Debug|x64.ActiveCfg = Debug|Any CPU
		{092EAD98-F052-4F72-8C29-8ED93A5936AF}.Debug|x64.Build.0 = Debug|Any CPU
		{092EAD98-F052-4F72-8C29-8ED93A5936AF}.Debug|x86.ActiveCfg = Debug|Any CPU
		{092EAD98-F052-4F72-8C29-8ED93A5936AF}.Debug|x86.Build.0 = Debug|Any CPU
		{092EAD98-F052-4F72-8C29-8ED93A5936AF}.Release|Any CPU.ActiveCfg = Release|Any CPU
		{092EAD98-F052-4F72-8C29-8ED93A5936AF}.Release|Any CPU.Build.0 = Release|Any CPU
		{092EAD98-F052-4F72-8C29-8ED93A5936AF}.Release|x64.ActiveCfg = Release|Any CPU
		{092EAD98-F052-4F72-8C29-8ED93A5936AF}.Release|x64.Build.0 = Release|Any CPU
		{092EAD98-F052-4F72-8C29-8ED93A5936AF}.Release|x86.ActiveCfg = Release|Any CPU
		{092EAD98-F052-4F72-8C29-8ED93A5936AF}.Release|x86.Build.0 = Release|Any CPU
	EndGlobalSection
	GlobalSection(SolutionProperties) = preSolution
		HideSolutionNode = FALSE
	EndGlobalSection
	GlobalSection(NestedProjects) = preSolution
		{C7FFDDC9-393A-4213-8FCF-26D08FC3FF45} = {96231AA4-5BA3-4956-AA96-D838E3FDDC7D}
		{D2FEDF9A-5510-4F9A-BCBE-0216762A45AD} = {05B1CE0E-CA6B-4CA7-8B56-E06A1F84D7F4}
		{092EAD98-F052-4F72-8C29-8ED93A5936AF} = {D2FEDF9A-5510-4F9A-BCBE-0216762A45AD}
	EndGlobalSection
EndGlobal
